
Microsoft Visual Studio Solution File, Format Version 12.00
# Visual Studio Version 17
VisualStudioVersion = 17.2.32630.192
MinimumVisualStudioVersion = 10.0.40219.1
Project("{FAE04EC0-301F-11D3-BF4B-00C04F79EFBC}") = "XuatExcelApp", "XuatExcelApp.csproj", "{2DA41F27-A3B9-4DA5-A899-A7E3ACAF03CF}"
EndProject
Project("{FAE04EC0-301F-11D3-BF4B-00C04F79EFBC}") = "TestProject1", "..\TestProject1\TestProject1.csproj", "{0F230AC0-F141-43F4-8C07-AF36F4792EC0}"
EndProject
Global
	GlobalSection(SolutionConfigurationPlatforms) = preSolution
		Debug|Any CPU = Debug|Any CPU
		Release|Any CPU = Release|Any CPU
	EndGlobalSection
	GlobalSection(ProjectConfigurationPlatforms) = postSolution
		{2DA41F27-A3B9-4DA5-A899-A7E3ACAF03CF}.Debug|Any CPU.ActiveCfg = Debug|Any CPU
		{2DA41F27-A3B9-4DA5-A899-A7E3ACAF03CF}.Debug|Any CPU.Build.0 = Debug|Any CPU
		{2DA41F27-A3B9-4DA5-A899-A7E3ACAF03CF}.Release|Any CPU.ActiveCfg = Release|Any CPU
		{2DA41F27-A3B9-4DA5-A899-A7E3ACAF03CF}.Release|Any CPU.Build.0 = Release|Any CPU
		{0F230AC0-F141-43F4-8C07-AF36F4792EC0}.Debug|Any CPU.ActiveCfg = Debug|Any CPU
		{0F230AC0-F141-43F4-8C07-AF36F4792EC0}.Debug|Any CPU.Build.0 = Debug|Any CPU
		{0F230AC0-F141-43F4-8C07-AF36F4792EC0}.Release|Any CPU.ActiveCfg = Release|Any CPU
		{0F230AC0-F141-43F4-8C07-AF36F4792EC0}.Release|Any CPU.Build.0 = Release|Any CPU
	EndGlobalSection
	GlobalSection(SolutionProperties) = preSolution
		HideSolutionNode = FALSE
	EndGlobalSection
	GlobalSection(ExtensibilityGlobals) = postSolution
		SolutionGuid = {590914D0-B3C8-4FCA-81CD-A96DE4EA8A8E}
	EndGlobalSection
EndGlobal
